// !$*UTF8*$!
{
	archiveVersion = 1;
	classes = {
	};
	objectVersion = 48;
	objects = {

/* Begin PBXBuildFile section */
		3A1091F5206D473E00C6F82F /* CreateGroupViewController.swift in Sources */ = {isa = PBXBuildFile; fileRef = 3A1091F4206D473E00C6F82F /* CreateGroupViewController.swift */; };
		3A36834F2067E8890051EAD1 /* AppDelegate.swift in Sources */ = {isa = PBXBuildFile; fileRef = 3A36834E2067E8890051EAD1 /* AppDelegate.swift */; };
		3A3683512067E8890051EAD1 /* FeedViewController.swift in Sources */ = {isa = PBXBuildFile; fileRef = 3A3683502067E8890051EAD1 /* FeedViewController.swift */; };
		3A3683532067E8890051EAD1 /* GroupsViewController.swift in Sources */ = {isa = PBXBuildFile; fileRef = 3A3683522067E8890051EAD1 /* GroupsViewController.swift */; };
		3A3683562067E8890051EAD1 /* Main.storyboard in Resources */ = {isa = PBXBuildFile; fileRef = 3A3683542067E8890051EAD1 /* Main.storyboard */; };
		3A3683582067E8890051EAD1 /* Assets.xcassets in Resources */ = {isa = PBXBuildFile; fileRef = 3A3683572067E8890051EAD1 /* Assets.xcassets */; };
		3A36835B2067E8890051EAD1 /* LaunchScreen.storyboard in Resources */ = {isa = PBXBuildFile; fileRef = 3A3683592067E8890051EAD1 /* LaunchScreen.storyboard */; };
		3A3683682067EA620051EAD1 /* GoogleService-Info.plist in Resources */ = {isa = PBXBuildFile; fileRef = 3A3683672067EA620051EAD1 /* GoogleService-Info.plist */; };
		3A36836A2067EC650051EAD1 /* DataService.swift in Sources */ = {isa = PBXBuildFile; fileRef = 3A3683692067EC650051EAD1 /* DataService.swift */; };
		3A36836C2067F5340051EAD1 /* AuthViewController.swift in Sources */ = {isa = PBXBuildFile; fileRef = 3A36836B2067F5340051EAD1 /* AuthViewController.swift */; };
		3A36836E2067F55D0051EAD1 /* LoginViewController.swift in Sources */ = {isa = PBXBuildFile; fileRef = 3A36836D2067F55D0051EAD1 /* LoginViewController.swift */; };
		3A3683702067F5B50051EAD1 /* InsetTextField.swift in Sources */ = {isa = PBXBuildFile; fileRef = 3A36836F2067F5B50051EAD1 /* InsetTextField.swift */; };
		3A3683722067F8F80051EAD1 /* ShadowView.swift in Sources */ = {isa = PBXBuildFile; fileRef = 3A3683712067F8F80051EAD1 /* ShadowView.swift */; };
		3A368374206806D80051EAD1 /* AuthService.swift in Sources */ = {isa = PBXBuildFile; fileRef = 3A368373206806D80051EAD1 /* AuthService.swift */; };
		3A5E0708206A9BA5009466F8 /* MeViewController.swift in Sources */ = {isa = PBXBuildFile; fileRef = 3A5E0707206A9BA5009466F8 /* MeViewController.swift */; };
		3A5E070A206A9FE5009466F8 /* CreatePostViewController.swift in Sources */ = {isa = PBXBuildFile; fileRef = 3A5E0709206A9FE5009466F8 /* CreatePostViewController.swift */; };
		3A5E070C206ABC91009466F8 /* UIViewExt.swift in Sources */ = {isa = PBXBuildFile; fileRef = 3A5E070B206ABC91009466F8 /* UIViewExt.swift */; };
		3A5E070E206AC6FB009466F8 /* FeedCell.swift in Sources */ = {isa = PBXBuildFile; fileRef = 3A5E070D206AC6FB009466F8 /* FeedCell.swift */; };
		3AFE60D9206BFF6500CBD660 /* Message.swift in Sources */ = {isa = PBXBuildFile; fileRef = 3AFE60D8206BFF6500CBD660 /* Message.swift */; };
		BFC90B6E46589AF74D82E72E /* Pods_Breakpoint.framework in Frameworks */ = {isa = PBXBuildFile; fileRef = F15A90708F273730D4CC7EB5 /* Pods_Breakpoint.framework */; };
/* End PBXBuildFile section */

/* Begin PBXFileReference section */
		3A1091F4206D473E00C6F82F /* CreateGroupViewController.swift */ = {isa = PBXFileReference; lastKnownFileType = sourcecode.swift; path = CreateGroupViewController.swift; sourceTree = "<group>"; };
		3A36834B2067E8890051EAD1 /* Breakpoint.app */ = {isa = PBXFileReference; explicitFileType = wrapper.application; includeInIndex = 0; path = Breakpoint.app; sourceTree = BUILT_PRODUCTS_DIR; };
		3A36834E2067E8890051EAD1 /* AppDelegate.swift */ = {isa = PBXFileReference; lastKnownFileType = sourcecode.swift; path = AppDelegate.swift; sourceTree = "<group>"; };
		3A3683502067E8890051EAD1 /* FeedViewController.swift */ = {isa = PBXFileReference; lastKnownFileType = sourcecode.swift; path = FeedViewController.swift; sourceTree = "<group>"; };
		3A3683522067E8890051EAD1 /* GroupsViewController.swift */ = {isa = PBXFileReference; lastKnownFileType = sourcecode.swift; path = GroupsViewController.swift; sourceTree = "<group>"; };
		3A3683552067E8890051EAD1 /* Base */ = {isa = PBXFileReference; lastKnownFileType = file.storyboard; name = Base; path = Base.lproj/Main.storyboard; sourceTree = "<group>"; };
		3A3683572067E8890051EAD1 /* Assets.xcassets */ = {isa = PBXFileReference; lastKnownFileType = folder.assetcatalog; path = Assets.xcassets; sourceTree = "<group>"; };
		3A36835A2067E8890051EAD1 /* Base */ = {isa = PBXFileReference; lastKnownFileType = file.storyboard; name = Base; path = Base.lproj/LaunchScreen.storyboard; sourceTree = "<group>"; };
		3A36835C2067E8890051EAD1 /* Info.plist */ = {isa = PBXFileReference; lastKnownFileType = text.plist.xml; path = Info.plist; sourceTree = "<group>"; };
		3A3683672067EA620051EAD1 /* GoogleService-Info.plist */ = {isa = PBXFileReference; fileEncoding = 4; lastKnownFileType = text.plist.xml; path = "GoogleService-Info.plist"; sourceTree = "<group>"; };
		3A3683692067EC650051EAD1 /* DataService.swift */ = {isa = PBXFileReference; lastKnownFileType = sourcecode.swift; path = DataService.swift; sourceTree = "<group>"; };
		3A36836B2067F5340051EAD1 /* AuthViewController.swift */ = {isa = PBXFileReference; lastKnownFileType = sourcecode.swift; path = AuthViewController.swift; sourceTree = "<group>"; };
		3A36836D2067F55D0051EAD1 /* LoginViewController.swift */ = {isa = PBXFileReference; lastKnownFileType = sourcecode.swift; path = LoginViewController.swift; sourceTree = "<group>"; };
		3A36836F2067F5B50051EAD1 /* InsetTextField.swift */ = {isa = PBXFileReference; lastKnownFileType = sourcecode.swift; path = InsetTextField.swift; sourceTree = "<group>"; };
		3A3683712067F8F80051EAD1 /* ShadowView.swift */ = {isa = PBXFileReference; lastKnownFileType = sourcecode.swift; path = ShadowView.swift; sourceTree = "<group>"; };
		3A368373206806D80051EAD1 /* AuthService.swift */ = {isa = PBXFileReference; lastKnownFileType = sourcecode.swift; path = AuthService.swift; sourceTree = "<group>"; };
		3A5E0707206A9BA5009466F8 /* MeViewController.swift */ = {isa = PBXFileReference; lastKnownFileType = sourcecode.swift; path = MeViewController.swift; sourceTree = "<group>"; };
		3A5E0709206A9FE5009466F8 /* CreatePostViewController.swift */ = {isa = PBXFileReference; lastKnownFileType = sourcecode.swift; path = CreatePostViewController.swift; sourceTree = "<group>"; };
		3A5E070B206ABC91009466F8 /* UIViewExt.swift */ = {isa = PBXFileReference; lastKnownFileType = sourcecode.swift; path = UIViewExt.swift; sourceTree = "<group>"; };
		3A5E070D206AC6FB009466F8 /* FeedCell.swift */ = {isa = PBXFileReference; lastKnownFileType = sourcecode.swift; path = FeedCell.swift; sourceTree = "<group>"; };
		3AFE60D8206BFF6500CBD660 /* Message.swift */ = {isa = PBXFileReference; lastKnownFileType = sourcecode.swift; path = Message.swift; sourceTree = "<group>"; };
		3E8400107E545D3005D71790 /* Pods-Breakpoint.release.xcconfig */ = {isa = PBXFileReference; includeInIndex = 1; lastKnownFileType = text.xcconfig; name = "Pods-Breakpoint.release.xcconfig"; path = "Pods/Target Support Files/Pods-Breakpoint/Pods-Breakpoint.release.xcconfig"; sourceTree = "<group>"; };
		B47B988F417F8D277061CA23 /* Pods-Breakpoint.debug.xcconfig */ = {isa = PBXFileReference; includeInIndex = 1; lastKnownFileType = text.xcconfig; name = "Pods-Breakpoint.debug.xcconfig"; path = "Pods/Target Support Files/Pods-Breakpoint/Pods-Breakpoint.debug.xcconfig"; sourceTree = "<group>"; };
		F15A90708F273730D4CC7EB5 /* Pods_Breakpoint.framework */ = {isa = PBXFileReference; explicitFileType = wrapper.framework; includeInIndex = 0; path = Pods_Breakpoint.framework; sourceTree = BUILT_PRODUCTS_DIR; };
/* End PBXFileReference section */

/* Begin PBXFrameworksBuildPhase section */
		3A3683482067E8890051EAD1 /* Frameworks */ = {
			isa = PBXFrameworksBuildPhase;
			buildActionMask = 2147483647;
			files = (
				BFC90B6E46589AF74D82E72E /* Pods_Breakpoint.framework in Frameworks */,
			);
			runOnlyForDeploymentPostprocessing = 0;
		};
/* End PBXFrameworksBuildPhase section */

/* Begin PBXGroup section */
		3A3683422067E8890051EAD1 = {
			isa = PBXGroup;
			children = (
				3A36834D2067E8890051EAD1 /* Breakpoint */,
				3A36834C2067E8890051EAD1 /* Products */,
				54C202ED34CE0130699D57B2 /* Pods */,
				EB33CF22C5F39A00ABFA8769 /* Frameworks */,
			);
			sourceTree = "<group>";
		};
		3A36834C2067E8890051EAD1 /* Products */ = {
			isa = PBXGroup;
			children = (
				3A36834B2067E8890051EAD1 /* Breakpoint.app */,
			);
			name = Products;
			sourceTree = "<group>";
		};
		3A36834D2067E8890051EAD1 /* Breakpoint */ = {
			isa = PBXGroup;
			children = (
				3A3683662067E9310051EAD1 /* Services */,
				3A3683652067E9080051EAD1 /* Extensions */,
				3A3683642067E8E60051EAD1 /* Model */,
				3A3683632067E8D80051EAD1 /* View */,
				3A3683622067E8D10051EAD1 /* Controller */,
				3A36834E2067E8890051EAD1 /* AppDelegate.swift */,
				3A3683542067E8890051EAD1 /* Main.storyboard */,
				3A3683572067E8890051EAD1 /* Assets.xcassets */,
				3A3683592067E8890051EAD1 /* LaunchScreen.storyboard */,
				3A36835C2067E8890051EAD1 /* Info.plist */,
				3A3683672067EA620051EAD1 /* GoogleService-Info.plist */,
			);
			path = Breakpoint;
			sourceTree = "<group>";
		};
		3A3683622067E8D10051EAD1 /* Controller */ = {
			isa = PBXGroup;
			children = (
				3A3683502067E8890051EAD1 /* FeedViewController.swift */,
				3A3683522067E8890051EAD1 /* GroupsViewController.swift */,
				3A36836B2067F5340051EAD1 /* AuthViewController.swift */,
				3A36836D2067F55D0051EAD1 /* LoginViewController.swift */,
				3A5E0707206A9BA5009466F8 /* MeViewController.swift */,
				3A5E0709206A9FE5009466F8 /* CreatePostViewController.swift */,
				3A1091F4206D473E00C6F82F /* CreateGroupViewController.swift */,
			);
			path = Controller;
			sourceTree = "<group>";
		};
		3A3683632067E8D80051EAD1 /* View */ = {
			isa = PBXGroup;
			children = (
				3A36836F2067F5B50051EAD1 /* InsetTextField.swift */,
				3A3683712067F8F80051EAD1 /* ShadowView.swift */,
				3A5E070D206AC6FB009466F8 /* FeedCell.swift */,
			);
			path = View;
			sourceTree = "<group>";
		};
		3A3683642067E8E60051EAD1 /* Model */ = {
			isa = PBXGroup;
			children = (
				3AFE60D8206BFF6500CBD660 /* Message.swift */,
			);
			path = Model;
			sourceTree = "<group>";
		};
		3A3683652067E9080051EAD1 /* Extensions */ = {
			isa = PBXGroup;
			children = (
				3A5E070B206ABC91009466F8 /* UIViewExt.swift */,
			);
			path = Extensions;
			sourceTree = "<group>";
		};
		3A3683662067E9310051EAD1 /* Services */ = {
			isa = PBXGroup;
			children = (
				3A3683692067EC650051EAD1 /* DataService.swift */,
				3A368373206806D80051EAD1 /* AuthService.swift */,
			);
			path = Services;
			sourceTree = "<group>";
		};
		54C202ED34CE0130699D57B2 /* Pods */ = {
			isa = PBXGroup;
			children = (
				B47B988F417F8D277061CA23 /* Pods-Breakpoint.debug.xcconfig */,
				3E8400107E545D3005D71790 /* Pods-Breakpoint.release.xcconfig */,
			);
			name = Pods;
			sourceTree = "<group>";
		};
		EB33CF22C5F39A00ABFA8769 /* Frameworks */ = {
			isa = PBXGroup;
			children = (
				F15A90708F273730D4CC7EB5 /* Pods_Breakpoint.framework */,
			);
			name = Frameworks;
			sourceTree = "<group>";
		};
/* End PBXGroup section */

/* Begin PBXNativeTarget section */
		3A36834A2067E8890051EAD1 /* Breakpoint */ = {
			isa = PBXNativeTarget;
			buildConfigurationList = 3A36835F2067E8890051EAD1 /* Build configuration list for PBXNativeTarget "Breakpoint" */;
			buildPhases = (
				93D98E2E45413FF9A64450B8 /* [CP] Check Pods Manifest.lock */,
				3A3683472067E8890051EAD1 /* Sources */,
				3A3683482067E8890051EAD1 /* Frameworks */,
				3A3683492067E8890051EAD1 /* Resources */,
				00025D6051EA1AFABC96BFF4 /* [CP] Embed Pods Frameworks */,
				B681FE5496B173DCE949BA14 /* [CP] Copy Pods Resources */,
			);
			buildRules = (
			);
			dependencies = (
			);
			name = Breakpoint;
			productName = Breakpoint;
			productReference = 3A36834B2067E8890051EAD1 /* Breakpoint.app */;
			productType = "com.apple.product-type.application";
		};
/* End PBXNativeTarget section */

/* Begin PBXProject section */
		3A3683432067E8890051EAD1 /* Project object */ = {
			isa = PBXProject;
			attributes = {
				LastSwiftUpdateCheck = 0920;
				LastUpgradeCheck = 0920;
				ORGANIZATIONNAME = "Žan Fras";
				TargetAttributes = {
					3A36834A2067E8890051EAD1 = {
						CreatedOnToolsVersion = 9.2;
						ProvisioningStyle = Automatic;
					};
				};
			};
			buildConfigurationList = 3A3683462067E8890051EAD1 /* Build configuration list for PBXProject "Breakpoint" */;
			compatibilityVersion = "Xcode 8.0";
			developmentRegion = en;
			hasScannedForEncodings = 0;
			knownRegions = (
				en,
				Base,
			);
			mainGroup = 3A3683422067E8890051EAD1;
			productRefGroup = 3A36834C2067E8890051EAD1 /* Products */;
			projectDirPath = "";
			projectRoot = "";
			targets = (
				3A36834A2067E8890051EAD1 /* Breakpoint */,
			);
		};
/* End PBXProject section */

/* Begin PBXResourcesBuildPhase section */
		3A3683492067E8890051EAD1 /* Resources */ = {
			isa = PBXResourcesBuildPhase;
			buildActionMask = 2147483647;
			files = (
				3A36835B2067E8890051EAD1 /* LaunchScreen.storyboard in Resources */,
				3A3683682067EA620051EAD1 /* GoogleService-Info.plist in Resources */,
				3A3683582067E8890051EAD1 /* Assets.xcassets in Resources */,
				3A3683562067E8890051EAD1 /* Main.storyboard in Resources */,
			);
			runOnlyForDeploymentPostprocessing = 0;
		};
/* End PBXResourcesBuildPhase section */

/* Begin PBXShellScriptBuildPhase section */
		00025D6051EA1AFABC96BFF4 /* [CP] Embed Pods Frameworks */ = {
			isa = PBXShellScriptBuildPhase;
			buildActionMask = 2147483647;
			files = (
			);
			inputPaths = (
				"${SRCROOT}/Pods/Target Support Files/Pods-Breakpoint/Pods-Breakpoint-frameworks.sh",
				"${BUILT_PRODUCTS_DIR}/GTMSessionFetcher/GTMSessionFetcher.framework",
				"${BUILT_PRODUCTS_DIR}/GoogleToolboxForMac/GoogleToolboxForMac.framework",
				"${BUILT_PRODUCTS_DIR}/leveldb-library/leveldb.framework",
				"${BUILT_PRODUCTS_DIR}/nanopb/nanopb.framework",
			);
			name = "[CP] Embed Pods Frameworks";
			outputPaths = (
				"${TARGET_BUILD_DIR}/${FRAMEWORKS_FOLDER_PATH}/GTMSessionFetcher.framework",
				"${TARGET_BUILD_DIR}/${FRAMEWORKS_FOLDER_PATH}/GoogleToolboxForMac.framework",
				"${TARGET_BUILD_DIR}/${FRAMEWORKS_FOLDER_PATH}/leveldb.framework",
				"${TARGET_BUILD_DIR}/${FRAMEWORKS_FOLDER_PATH}/nanopb.framework",
			);
			runOnlyForDeploymentPostprocessing = 0;
			shellPath = /bin/sh;
			shellScript = "\"${SRCROOT}/Pods/Target Support Files/Pods-Breakpoint/Pods-Breakpoint-frameworks.sh\"\n";
			showEnvVarsInLog = 0;
		};
		93D98E2E45413FF9A64450B8 /* [CP] Check Pods Manifest.lock */ = {
			isa = PBXShellScriptBuildPhase;
			buildActionMask = 2147483647;
			files = (
			);
			inputPaths = (
				"${PODS_PODFILE_DIR_PATH}/Podfile.lock",
				"${PODS_ROOT}/Manifest.lock",
			);
			name = "[CP] Check Pods Manifest.lock";
			outputPaths = (
				"$(DERIVED_FILE_DIR)/Pods-Breakpoint-checkManifestLockResult.txt",
			);
			runOnlyForDeploymentPostprocessing = 0;
			shellPath = /bin/sh;
			shellScript = "diff \"${PODS_PODFILE_DIR_PATH}/Podfile.lock\" \"${PODS_ROOT}/Manifest.lock\" > /dev/null\nif [ $? != 0 ] ; then\n    # print error to STDERR\n    echo \"error: The sandbox is not in sync with the Podfile.lock. Run 'pod install' or update your CocoaPods installation.\" >&2\n    exit 1\nfi\n# This output is used by Xcode 'outputs' to avoid re-running this script phase.\necho \"SUCCESS\" > \"${SCRIPT_OUTPUT_FILE_0}\"\n";
			showEnvVarsInLog = 0;
		};
		B681FE5496B173DCE949BA14 /* [CP] Copy Pods Resources */ = {
			isa = PBXShellScriptBuildPhase;
			buildActionMask = 2147483647;
			files = (
			);
			inputPaths = (
			);
			name = "[CP] Copy Pods Resources";
			outputPaths = (
			);
			runOnlyForDeploymentPostprocessing = 0;
			shellPath = /bin/sh;
			shellScript = "\"${SRCROOT}/Pods/Target Support Files/Pods-Breakpoint/Pods-Breakpoint-resources.sh\"\n";
			showEnvVarsInLog = 0;
		};
/* End PBXShellScriptBuildPhase section */

/* Begin PBXSourcesBuildPhase section */
		3A3683472067E8890051EAD1 /* Sources */ = {
			isa = PBXSourcesBuildPhase;
			buildActionMask = 2147483647;
			files = (
				3A5E070C206ABC91009466F8 /* UIViewExt.swift in Sources */,
				3A5E070E206AC6FB009466F8 /* FeedCell.swift in Sources */,
				3A5E0708206A9BA5009466F8 /* MeViewController.swift in Sources */,
				3A36836E2067F55D0051EAD1 /* LoginViewController.swift in Sources */,
				3A3683532067E8890051EAD1 /* GroupsViewController.swift in Sources */,
				3A1091F5206D473E00C6F82F /* CreateGroupViewController.swift in Sources */,
				3A36834F2067E8890051EAD1 /* AppDelegate.swift in Sources */,
				3A368374206806D80051EAD1 /* AuthService.swift in Sources */,
				3A36836C2067F5340051EAD1 /* AuthViewController.swift in Sources */,
				3A3683722067F8F80051EAD1 /* ShadowView.swift in Sources */,
				3A5E070A206A9FE5009466F8 /* CreatePostViewController.swift in Sources */,
				3A3683512067E8890051EAD1 /* FeedViewController.swift in Sources */,
				3A3683702067F5B50051EAD1 /* InsetTextField.swift in Sources */,
				3A36836A2067EC650051EAD1 /* DataService.swift in Sources */,
				3AFE60D9206BFF6500CBD660 /* Message.swift in Sources */,
			);
			runOnlyForDeploymentPostprocessing = 0;
		};
/* End PBXSourcesBuildPhase section */

/* Begin PBXVariantGroup section */
		3A3683542067E8890051EAD1 /* Main.storyboard */ = {
			isa = PBXVariantGroup;
			children = (
				3A3683552067E8890051EAD1 /* Base */,
			);
			name = Main.storyboard;
			sourceTree = "<group>";
		};
		3A3683592067E8890051EAD1 /* LaunchScreen.storyboard */ = {
			isa = PBXVariantGroup;
			children = (
				3A36835A2067E8890051EAD1 /* Base */,
			);
			name = LaunchScreen.storyboard;
			sourceTree = "<group>";
		};
/* End PBXVariantGroup section */

/* Begin XCBuildConfiguration section */
		3A36835D2067E8890051EAD1 /* Debug */ = {
			isa = XCBuildConfiguration;
			buildSettings = {
				ALWAYS_SEARCH_USER_PATHS = NO;
				CLANG_ANALYZER_NONNULL = YES;
				CLANG_ANALYZER_NUMBER_OBJECT_CONVERSION = YES_AGGRESSIVE;
				CLANG_CXX_LANGUAGE_STANDARD = "gnu++14";
				CLANG_CXX_LIBRARY = "libc++";
				CLANG_ENABLE_MODULES = YES;
				CLANG_ENABLE_OBJC_ARC = YES;
				CLANG_WARN_BLOCK_CAPTURE_AUTORELEASING = YES;
				CLANG_WARN_BOOL_CONVERSION = YES;
				CLANG_WARN_COMMA = YES;
				CLANG_WARN_CONSTANT_CONVERSION = YES;
				CLANG_WARN_DIRECT_OBJC_ISA_USAGE = YES_ERROR;
				CLANG_WARN_DOCUMENTATION_COMMENTS = YES;
				CLANG_WARN_EMPTY_BODY = YES;
				CLANG_WARN_ENUM_CONVERSION = YES;
				CLANG_WARN_INFINITE_RECURSION = YES;
				CLANG_WARN_INT_CONVERSION = YES;
				CLANG_WARN_NON_LITERAL_NULL_CONVERSION = YES;
				CLANG_WARN_OBJC_LITERAL_CONVERSION = YES;
				CLANG_WARN_OBJC_ROOT_CLASS = YES_ERROR;
				CLANG_WARN_RANGE_LOOP_ANALYSIS = YES;
				CLANG_WARN_STRICT_PROTOTYPES = YES;
				CLANG_WARN_SUSPICIOUS_MOVE = YES;
				CLANG_WARN_UNGUARDED_AVAILABILITY = YES_AGGRESSIVE;
				CLANG_WARN_UNREACHABLE_CODE = YES;
				CLANG_WARN__DUPLICATE_METHOD_MATCH = YES;
				CODE_SIGN_IDENTITY = "iPhone Developer";
				COPY_PHASE_STRIP = NO;
				DEBUG_INFORMATION_FORMAT = dwarf;
				ENABLE_STRICT_OBJC_MSGSEND = YES;
				ENABLE_TESTABILITY = YES;
				GCC_C_LANGUAGE_STANDARD = gnu11;
				GCC_DYNAMIC_NO_PIC = NO;
				GCC_NO_COMMON_BLOCKS = YES;
				GCC_OPTIMIZATION_LEVEL = 0;
				GCC_PREPROCESSOR_DEFINITIONS = (
					"DEBUG=1",
					"$(inherited)",
				);
				GCC_WARN_64_TO_32_BIT_CONVERSION = YES;
				GCC_WARN_ABOUT_RETURN_TYPE = YES_ERROR;
				GCC_WARN_UNDECLARED_SELECTOR = YES;
				GCC_WARN_UNINITIALIZED_AUTOS = YES_AGGRESSIVE;
				GCC_WARN_UNUSED_FUNCTION = YES;
				GCC_WARN_UNUSED_VARIABLE = YES;
				IPHONEOS_DEPLOYMENT_TARGET = 11.2;
				MTL_ENABLE_DEBUG_INFO = YES;
				ONLY_ACTIVE_ARCH = YES;
				SDKROOT = iphoneos;
				SWIFT_ACTIVE_COMPILATION_CONDITIONS = DEBUG;
				SWIFT_OPTIMIZATION_LEVEL = "-Onone";
			};
			name = Debug;
		};
		3A36835E2067E8890051EAD1 /* Release */ = {
			isa = XCBuildConfiguration;
			buildSettings = {
				ALWAYS_SEARCH_USER_PATHS = NO;
				CLANG_ANALYZER_NONNULL = YES;
				CLANG_ANALYZER_NUMBER_OBJECT_CONVERSION = YES_AGGRESSIVE;
				CLANG_CXX_LANGUAGE_STANDARD = "gnu++14";
				CLANG_CXX_LIBRARY = "libc++";
				CLANG_ENABLE_MODULES = YES;
				CLANG_ENABLE_OBJC_ARC = YES;
				CLANG_WARN_BLOCK_CAPTURE_AUTORELEASING = YES;
				CLANG_WARN_BOOL_CONVERSION = YES;
				CLANG_WARN_COMMA = YES;
				CLANG_WARN_CONSTANT_CONVERSION = YES;
				CLANG_WARN_DIRECT_OBJC_ISA_USAGE = YES_ERROR;
				CLANG_WARN_DOCUMENTATION_COMMENTS = YES;
				CLANG_WARN_EMPTY_BODY = YES;
				CLANG_WARN_ENUM_CONVERSION = YES;
				CLANG_WARN_INFINITE_RECURSION = YES;
				CLANG_WARN_INT_CONVERSION = YES;
				CLANG_WARN_NON_LITERAL_NULL_CONVERSION = YES;
				CLANG_WARN_OBJC_LITERAL_CONVERSION = YES;
				CLANG_WARN_OBJC_ROOT_CLASS = YES_ERROR;
				CLANG_WARN_RANGE_LOOP_ANALYSIS = YES;
				CLANG_WARN_STRICT_PROTOTYPES = YES;
				CLANG_WARN_SUSPICIOUS_MOVE = YES;
				CLANG_WARN_UNGUARDED_AVAILABILITY = YES_AGGRESSIVE;
				CLANG_WARN_UNREACHABLE_CODE = YES;
				CLANG_WARN__DUPLICATE_METHOD_MATCH = YES;
				CODE_SIGN_IDENTITY = "iPhone Developer";
				COPY_PHASE_STRIP = NO;
				DEBUG_INFORMATION_FORMAT = "dwarf-with-dsym";
				ENABLE_NS_ASSERTIONS = NO;
				ENABLE_STRICT_OBJC_MSGSEND = YES;
				GCC_C_LANGUAGE_STANDARD = gnu11;
				GCC_NO_COMMON_BLOCKS = YES;
				GCC_WARN_64_TO_32_BIT_CONVERSION = YES;
				GCC_WARN_ABOUT_RETURN_TYPE = YES_ERROR;
				GCC_WARN_UNDECLARED_SELECTOR = YES;
				GCC_WARN_UNINITIALIZED_AUTOS = YES_AGGRESSIVE;
				GCC_WARN_UNUSED_FUNCTION = YES;
				GCC_WARN_UNUSED_VARIABLE = YES;
				IPHONEOS_DEPLOYMENT_TARGET = 11.2;
				MTL_ENABLE_DEBUG_INFO = NO;
				SDKROOT = iphoneos;
				SWIFT_OPTIMIZATION_LEVEL = "-Owholemodule";
				VALIDATE_PRODUCT = YES;
			};
			name = Release;
		};
		3A3683602067E8890051EAD1 /* Debug */ = {
			isa = XCBuildConfiguration;
			baseConfigurationReference = B47B988F417F8D277061CA23 /* Pods-Breakpoint.debug.xcconfig */;
			buildSettings = {
				ASSETCATALOG_COMPILER_APPICON_NAME = AppIcon;
				CODE_SIGN_STYLE = Automatic;
				DEVELOPMENT_TEAM = 8A77Y5NUG2;
				INFOPLIST_FILE = Breakpoint/Info.plist;
				LD_RUNPATH_SEARCH_PATHS = "$(inherited) @executable_path/Frameworks";
				PRODUCT_BUNDLE_IDENTIFIER = com.zanfras.Breakpoint;
				PRODUCT_NAME = "$(TARGET_NAME)";
				SWIFT_VERSION = 4.0;
				TARGETED_DEVICE_FAMILY = "1,2";
			};
			name = Debug;
		};
		3A3683612067E8890051EAD1 /* Release */ = {
			isa = XCBuildConfiguration;
			baseConfigurationReference = 3E8400107E545D3005D71790 /* Pods-Breakpoint.release.xcconfig */;
			buildSettings = {
				ASSETCATALOG_COMPILER_APPICON_NAME = AppIcon;
				CODE_SIGN_STYLE = Automatic;
				DEVELOPMENT_TEAM = 8A77Y5NUG2;
				INFOPLIST_FILE = Breakpoint/Info.plist;
				LD_RUNPATH_SEARCH_PATHS = "$(inherited) @executable_path/Frameworks";
				PRODUCT_BUNDLE_IDENTIFIER = com.zanfras.Breakpoint;
				PRODUCT_NAME = "$(TARGET_NAME)";
				SWIFT_VERSION = 4.0;
				TARGETED_DEVICE_FAMILY = "1,2";
			};
			name = Release;
		};
/* End XCBuildConfiguration section */

/* Begin XCConfigurationList section */
		3A3683462067E8890051EAD1 /* Build configuration list for PBXProject "Breakpoint" */ = {
			isa = XCConfigurationList;
			buildConfigurations = (
				3A36835D2067E8890051EAD1 /* Debug */,
				3A36835E2067E8890051EAD1 /* Release */,
			);
			defaultConfigurationIsVisible = 0;
			defaultConfigurationName = Release;
		};
		3A36835F2067E8890051EAD1 /* Build configuration list for PBXNativeTarget "Breakpoint" */ = {
			isa = XCConfigurationList;
			buildConfigurations = (
				3A3683602067E8890051EAD1 /* Debug */,
				3A3683612067E8890051EAD1 /* Release */,
			);
			defaultConfigurationIsVisible = 0;
			defaultConfigurationName = Release;
		};
/* End XCConfigurationList section */
	};
	rootObject = 3A3683432067E8890051EAD1 /* Project object */;
}
